
Microsoft Visual Studio Solution File, Format Version 12.00
# Visual Studio Version 17
VisualStudioVersion = 17.4.33213.308
MinimumVisualStudioVersion = 10.0.40219.1
Project("{FAE04EC0-301F-11D3-BF4B-00C04F79EFBC}") = "GeneralModal", "GeneralModal\GeneralModal.csproj", "{64D7929A-705D-4A9D-85EC-C9A323E0724E}"
EndProject
Global
	GlobalSection(SolutionConfigurationPlatforms) = preSolution
		Debug|Any CPU = Debug|Any CPU
		Release|Any CPU = Release|Any CPU
	EndGlobalSection
	GlobalSection(ProjectConfigurationPlatforms) = postSolution
		{64D7929A-705D-4A9D-85EC-C9A323E0724E}.Debug|Any CPU.ActiveCfg = Debug|Any CPU
		{64D7929A-705D-4A9D-85EC-C9A323E0724E}.Debug|Any CPU.Build.0 = Debug|Any CPU
		{64D7929A-705D-4A9D-85EC-C9A323E0724E}.Release|Any CPU.ActiveCfg = Release|Any CPU
		{64D7929A-705D-4A9D-85EC-C9A323E0724E}.Release|Any CPU.Build.0 = Release|Any CPU
	EndGlobalSection
	GlobalSection(SolutionProperties) = preSolution
		HideSolutionNode = FALSE
	EndGlobalSection
	GlobalSection(ExtensibilityGlobals) = postSolution
		SolutionGuid = {038F4765-5A0E-479B-B22C-FD8280F86F8E}
	EndGlobalSection
EndGlobal
